
Microsoft Visual Studio Solution File, Format Version 10.00
# Visual Studio 2008
Project("{FAE04EC0-301F-11D3-BF4B-00C04F79EFBC}") = "ReplOverMdEditor", "ReplOverMdEditor.csproj", "{D5D4CCCE-7E6F-4DC7-8BA1-8938B3E132AA}"
EndProject
Global
	GlobalSection(SolutionConfigurationPlatforms) = preSolution
		Debug|Any CPU = Debug|Any CPU
		Release|Any CPU = Release|Any CPU
	EndGlobalSection
	GlobalSection(ProjectConfigurationPlatforms) = postSolution
		{D5D4CCCE-7E6F-4DC7-8BA1-8938B3E132AA}.Debug|Any CPU.ActiveCfg = Debug|Any CPU
		{D5D4CCCE-7E6F-4DC7-8BA1-8938B3E132AA}.Debug|Any CPU.Build.0 = Debug|Any CPU
		{D5D4CCCE-7E6F-4DC7-8BA1-8938B3E132AA}.Release|Any CPU.ActiveCfg = Release|Any CPU
		{D5D4CCCE-7E6F-4DC7-8BA1-8938B3E132AA}.Release|Any CPU.Build.0 = Release|Any CPU
	EndGlobalSection
	GlobalSection(SolutionProperties) = preSolution
		HideSolutionNode = FALSE
	EndGlobalSection
EndGlobal
